
Microsoft Visual Studio Solution File, Format Version 12.00
# Visual Studio 15
VisualStudioVersion = 15.0.27703.2035
MinimumVisualStudioVersion = 10.0.40219.1
Project("{FAE04EC0-301F-11D3-BF4B-00C04F79EFBC}") = "CustomList", "CustomList\CustomList.csproj", "{E5ACB9C3-849B-4F4D-B30C-F4F546FA4F88}"
EndProject
Project("{FAE04EC0-301F-11D3-BF4B-00C04F79EFBC}") = "CustomListTest", "CustomListTest\CustomListTest.csproj", "{3A48ACAD-18B2-42AC-B96A-2406869446DA}"
EndProject
Global
	GlobalSection(SolutionConfigurationPlatforms) = preSolution
		Debug|Any CPU = Debug|Any CPU
		Release|Any CPU = Release|Any CPU
	EndGlobalSection
	GlobalSection(ProjectConfigurationPlatforms) = postSolution
		{E5ACB9C3-849B-4F4D-B30C-F4F546FA4F88}.Debug|Any CPU.ActiveCfg = Debug|Any CPU
		{E5ACB9C3-849B-4F4D-B30C-F4F546FA4F88}.Debug|Any CPU.Build.0 = Debug|Any CPU
		{E5ACB9C3-849B-4F4D-B30C-F4F546FA4F88}.Release|Any CPU.ActiveCfg = Release|Any CPU
		{E5ACB9C3-849B-4F4D-B30C-F4F546FA4F88}.Release|Any CPU.Build.0 = Release|Any CPU
		{3A48ACAD-18B2-42AC-B96A-2406869446DA}.Debug|Any CPU.ActiveCfg = Debug|Any CPU
		{3A48ACAD-18B2-42AC-B96A-2406869446DA}.Debug|Any CPU.Build.0 = Debug|Any CPU
		{3A48ACAD-18B2-42AC-B96A-2406869446DA}.Release|Any CPU.ActiveCfg = Release|Any CPU
		{3A48ACAD-18B2-42AC-B96A-2406869446DA}.Release|Any CPU.Build.0 = Release|Any CPU
	EndGlobalSection
	GlobalSection(SolutionProperties) = preSolution
		HideSolutionNode = FALSE
	EndGlobalSection
	GlobalSection(ExtensibilityGlobals) = postSolution
		SolutionGuid = {1A40C5F0-2A9B-4481-A521-7D06994B96A6}
	EndGlobalSection
EndGlobal
